
Microsoft Visual Studio Solution File, Format Version 12.00
# Visual Studio 14
VisualStudioVersion = 14.0.25420.1
MinimumVisualStudioVersion = 10.0.40219.1
Project("{FAE04EC0-301F-11D3-BF4B-00C04F79EFBC}") = "Alphabits", "Alphabits\Alphabits.csproj", "{146679B1-0FBF-472B-820D-C2F1904A824B}"
EndProject
Global
	GlobalSection(SolutionConfigurationPlatforms) = preSolution
		Debug|Any CPU = Debug|Any CPU
		Release|Any CPU = Release|Any CPU
	EndGlobalSection
	GlobalSection(ProjectConfigurationPlatforms) = postSolution
		{146679B1-0FBF-472B-820D-C2F1904A824B}.Debug|Any CPU.ActiveCfg = Debug|Any CPU
		{146679B1-0FBF-472B-820D-C2F1904A824B}.Debug|Any CPU.Build.0 = Debug|Any CPU
		{146679B1-0FBF-472B-820D-C2F1904A824B}.Release|Any CPU.ActiveCfg = Release|Any CPU
		{146679B1-0FBF-472B-820D-C2F1904A824B}.Release|Any CPU.Build.0 = Release|Any CPU
	EndGlobalSection
	GlobalSection(SolutionProperties) = preSolution
		HideSolutionNode = FALSE
	EndGlobalSection
EndGlobal
